
Microsoft Visual Studio Solution File, Format Version 12.00
# Visual Studio Version 17
VisualStudioVersion = 17.7.34221.43
MinimumVisualStudioVersion = 10.0.40219.1
Project("{FAE04EC0-301F-11D3-BF4B-00C04F79EFBC}") = "CardDemo", "CardDemo.csproj", "{8FBE19CF-57FC-4170-A83E-881017E483EF}"
EndProject
Global
	GlobalSection(SolutionConfigurationPlatforms) = preSolution
		Debug|Any CPU = Debug|Any CPU
		Release|Any CPU = Release|Any CPU
	EndGlobalSection
	GlobalSection(ProjectConfigurationPlatforms) = postSolution
		{8FBE19CF-57FC-4170-A83E-881017E483EF}.Debug|Any CPU.ActiveCfg = Debug|Any CPU
		{8FBE19CF-57FC-4170-A83E-881017E483EF}.Debug|Any CPU.Build.0 = Debug|Any CPU
		{8FBE19CF-57FC-4170-A83E-881017E483EF}.Release|Any CPU.ActiveCfg = Release|Any CPU
		{8FBE19CF-57FC-4170-A83E-881017E483EF}.Release|Any CPU.Build.0 = Release|Any CPU
	EndGlobalSection
	GlobalSection(SolutionProperties) = preSolution
		HideSolutionNode = FALSE
	EndGlobalSection
	GlobalSection(ExtensibilityGlobals) = postSolution
		SolutionGuid = {D1E5D6F6-395E-4D23-843B-6A26928893D6}
	EndGlobalSection
EndGlobal
